# This file is automatically @generated by Cargo.
# It is not intended for manual editing.
version = 4

[[package]]
name = "sc-api"
version = "0.1.0"
dependencies = [
 "sc-auth",
 "sc-catalog",
 "sc-error",
]

[[package]]
name = "sc-app"
version = "0.1.0"
dependencies = [
 "sc-api",
 "sc-catalog",
 "sc-error",
 "sc-files",
]

[[package]]
name = "sc-auth"
version = "0.1.0"
dependencies = [
 "sc-catalog",
 "sc-db",
 "sc-error",
 "sc-query",
]

[[package]]
name = "sc-catalog"
version = "0.1.0"
dependencies = [
 "sc-db",
 "sc-error",
 "sc-query",
 "sc-types",
]

[[package]]
name = "sc-cli"
version = "0.1.0"
dependencies = [
 "sc-error",
 "sc-server",
]

[[package]]
name = "sc-db"
version = "0.1.0"
dependencies = [
 "sc-error",
 "sc-query",
]

[[package]]
name = "sc-db-postgres"
version = "0.1.0"
dependencies = [
 "sc-db",
 "sc-error",
 "sc-query",
]

[[package]]
name = "sc-error"
version = "0.1.0"

[[package]]
name = "sc-files"
version = "0.1.0"
dependencies = [
 "sc-error",
]

[[package]]
name = "sc-query"
version = "0.1.0"
dependencies = [
 "sc-error",
]

[[package]]
name = "sc-server"
version = "0.1.0"
dependencies = [
 "sc-api",
 "sc-app",
 "sc-auth",
 "sc-catalog",
 "sc-db",
 "sc-db-postgres",
 "sc-error",
 "sc-files",
]

[[package]]
name = "sc-types"
version = "0.1.0"
dependencies = [
 "sc-error",
 "sc-query",
]
